
Microsoft Visual Studio Solution File, Format Version 12.00
# Visual Studio Version 16
VisualStudioVersion = 16.0.29728.190
MinimumVisualStudioVersion = 10.0.40219.1
Project("{FAE04EC0-301F-11D3-BF4B-00C04F79EFBC}") = "ProjectManage", "ProjectManage.csproj", "{65F0FCC8-A162-4533-AB31-9164D49560AB}"
EndProject
Global
	GlobalSection(SolutionConfigurationPlatforms) = preSolution
		Debug|Any CPU = Debug|Any CPU
		Release|Any CPU = Release|Any CPU
	EndGlobalSection
	GlobalSection(ProjectConfigurationPlatforms) = postSolution
		{65F0FCC8-A162-4533-AB31-9164D49560AB}.Debug|Any CPU.ActiveCfg = Debug|Any CPU
		{65F0FCC8-A162-4533-AB31-9164D49560AB}.Debug|Any CPU.Build.0 = Debug|Any CPU
		{65F0FCC8-A162-4533-AB31-9164D49560AB}.Release|Any CPU.ActiveCfg = Release|Any CPU
		{65F0FCC8-A162-4533-AB31-9164D49560AB}.Release|Any CPU.Build.0 = Release|Any CPU
	EndGlobalSection
	GlobalSection(SolutionProperties) = preSolution
		HideSolutionNode = FALSE
	EndGlobalSection
	GlobalSection(ExtensibilityGlobals) = postSolution
		SolutionGuid = {EFE14FC8-0E00-4942-A908-F81EE09C0751}
	EndGlobalSection
EndGlobal
